
Microsoft Visual Studio Solution File, Format Version 12.00
# Visual Studio 15
VisualStudioVersion = 15.0.28307.1062
MinimumVisualStudioVersion = 10.0.40219.1
Project("{FAE04EC0-301F-11D3-BF4B-00C04F79EFBC}") = "SpotifySearcherNetCoreWebApi.Services", "SpotifySearcherNetCoreWebApi.Services\SpotifySearcherNetCoreWebApi.Services.csproj", "{8A2A6095-9A35-49DF-97EC-308E213B7F60}"
EndProject
Project("{FAE04EC0-301F-11D3-BF4B-00C04F79EFBC}") = "SpotifySearcherNetCoreWebApi.Business", "SpotifySearcherNetCoreWebApi.Business\SpotifySearcherNetCoreWebApi.Business.csproj", "{086FC9E0-510D-45FD-933B-134E91C7C82A}"
EndProject
Project("{FAE04EC0-301F-11D3-BF4B-00C04F79EFBC}") = "SpotifySearcher.WCFServices", "SpotifySearcher.WCFServices\SpotifySearcher.WCFServices.csproj", "{0E6B200B-2B4B-4AEE-96B9-B1ADD7F51D1D}"
EndProject
Global
	GlobalSection(SolutionConfigurationPlatforms) = preSolution
		Debug|Any CPU = Debug|Any CPU
		Release|Any CPU = Release|Any CPU
	EndGlobalSection
	GlobalSection(ProjectConfigurationPlatforms) = postSolution
		{8A2A6095-9A35-49DF-97EC-308E213B7F60}.Debug|Any CPU.ActiveCfg = Debug|Any CPU
		{8A2A6095-9A35-49DF-97EC-308E213B7F60}.Debug|Any CPU.Build.0 = Debug|Any CPU
		{8A2A6095-9A35-49DF-97EC-308E213B7F60}.Release|Any CPU.ActiveCfg = Release|Any CPU
		{8A2A6095-9A35-49DF-97EC-308E213B7F60}.Release|Any CPU.Build.0 = Release|Any CPU
		{086FC9E0-510D-45FD-933B-134E91C7C82A}.Debug|Any CPU.ActiveCfg = Debug|Any CPU
		{086FC9E0-510D-45FD-933B-134E91C7C82A}.Debug|Any CPU.Build.0 = Debug|Any CPU
		{086FC9E0-510D-45FD-933B-134E91C7C82A}.Release|Any CPU.ActiveCfg = Release|Any CPU
		{086FC9E0-510D-45FD-933B-134E91C7C82A}.Release|Any CPU.Build.0 = Release|Any CPU
		{0E6B200B-2B4B-4AEE-96B9-B1ADD7F51D1D}.Debug|Any CPU.ActiveCfg = Debug|Any CPU
		{0E6B200B-2B4B-4AEE-96B9-B1ADD7F51D1D}.Debug|Any CPU.Build.0 = Debug|Any CPU
		{0E6B200B-2B4B-4AEE-96B9-B1ADD7F51D1D}.Release|Any CPU.ActiveCfg = Release|Any CPU
		{0E6B200B-2B4B-4AEE-96B9-B1ADD7F51D1D}.Release|Any CPU.Build.0 = Release|Any CPU
	EndGlobalSection
	GlobalSection(SolutionProperties) = preSolution
		HideSolutionNode = FALSE
	EndGlobalSection
	GlobalSection(ExtensibilityGlobals) = postSolution
		SolutionGuid = {6BAC8A84-1374-4F60-9250-0C075E48E4E3}
	EndGlobalSection
EndGlobal
